<?xml version="1.0" encoding="utf-8"?>
<Project ToolsVersion="16.0" xmlns="http://schemas.microsoft.com/developer/msbuild/2003">
  <ItemGroup>
    <CustomBuild Include="C:\dev\llama.cpp-guard\llama.cpp-offline\build-vs2019\CMakeFiles\a8a9cff4229ec71a1cf445f37067455f\INSTALL_force.rule">
      <Filter>CMake Rules</Filter>
    </CustomBuild>
  </ItemGroup>
  <ItemGroup>
    <Filter Include="CMake Rules">
      <UniqueIdentifier>{19F89824-5F02-341A-94E9-23B81D54A4B1}</UniqueIdentifier>
    </Filter>
  </ItemGroup>
</Project>
