
Microsoft Visual Studio Solution File, Format Version 12.00
# Visual Studio Version 16
Project("{2150E333-8FDC-42A3-9474-1A3956D46DE8}") = "CMakePredefinedTargets", "CMakePredefinedTargets", "{17AF4653-C452-3CE2-BADA-975A826BFF40}"
EndProject
Project("{8BC9CEB8-8B4A-11D0-8D11-00A0C91BC942}") = "ALL_BUILD", "ALL_BUILD.vcxproj", "{C5290700-9FA8-397E-8602-131B695126A8}"
	ProjectSection(ProjectDependencies) = postProject
		{36475289-4984-37DF-A933-125B7D031312} = {36475289-4984-37DF-A933-125B7D031312}
		{3A17D3B1-31B7-3643-A879-DD98AF5F12E7} = {3A17D3B1-31B7-3643-A879-DD98AF5F12E7}
		{F8802C4B-D56E-3956-B0A7-A6716A832124} = {F8802C4B-D56E-3956-B0A7-A6716A832124}
		{16C159D2-5145-3611-AECF-6E1BF0CF73A7} = {16C159D2-5145-3611-AECF-6E1BF0CF73A7}
		{C3E6D457-56E6-3EC1-9299-ADBE3A953831} = {C3E6D457-56E6-3EC1-9299-ADBE3A953831}
	EndProjectSection
EndProject
Project("{8BC9CEB8-8B4A-11D0-8D11-00A0C91BC942}") = "INSTALL", "INSTALL.vcxproj", "{2D82F59F-221E-374B-B7D1-12F76E23F2EB}"
	ProjectSection(ProjectDependencies) = postProject
		{C5290700-9FA8-397E-8602-131B695126A8} = {C5290700-9FA8-397E-8602-131B695126A8}
		{36475289-4984-37DF-A933-125B7D031312} = {36475289-4984-37DF-A933-125B7D031312}
	EndProjectSection
EndProject
Project("{8BC9CEB8-8B4A-11D0-8D11-00A0C91BC942}") = "ZERO_CHECK", "..\ZERO_CHECK.vcxproj", "{36475289-4984-37DF-A933-125B7D031312}"
	ProjectSection(ProjectDependencies) = postProject
	EndProjectSection
EndProject
Project("{8BC9CEB8-8B4A-11D0-8D11-00A0C91BC942}") = "ggml", "src\ggml.vcxproj", "{3A17D3B1-31B7-3643-A879-DD98AF5F12E7}"
	ProjectSection(ProjectDependencies) = postProject
		{36475289-4984-37DF-A933-125B7D031312} = {36475289-4984-37DF-A933-125B7D031312}
		{F8802C4B-D56E-3956-B0A7-A6716A832124} = {F8802C4B-D56E-3956-B0A7-A6716A832124}
		{16C159D2-5145-3611-AECF-6E1BF0CF73A7} = {16C159D2-5145-3611-AECF-6E1BF0CF73A7}
		{C3E6D457-56E6-3EC1-9299-ADBE3A953831} = {C3E6D457-56E6-3EC1-9299-ADBE3A953831}
	EndProjectSection
EndProject
Project("{8BC9CEB8-8B4A-11D0-8D11-00A0C91BC942}") = "ggml-base", "src\ggml-base.vcxproj", "{F8802C4B-D56E-3956-B0A7-A6716A832124}"
	ProjectSection(ProjectDependencies) = postProject
		{36475289-4984-37DF-A933-125B7D031312} = {36475289-4984-37DF-A933-125B7D031312}
	EndProjectSection
EndProject
Project("{8BC9CEB8-8B4A-11D0-8D11-00A0C91BC942}") = "ggml-cpu", "src\ggml-cpu.vcxproj", "{16C159D2-5145-3611-AECF-6E1BF0CF73A7}"
	ProjectSection(ProjectDependencies) = postProject
		{36475289-4984-37DF-A933-125B7D031312} = {36475289-4984-37DF-A933-125B7D031312}
		{F8802C4B-D56E-3956-B0A7-A6716A832124} = {F8802C4B-D56E-3956-B0A7-A6716A832124}
	EndProjectSection
EndProject
Project("{8BC9CEB8-8B4A-11D0-8D11-00A0C91BC942}") = "ggml-cuda", "src\ggml-cuda\ggml-cuda.vcxproj", "{C3E6D457-56E6-3EC1-9299-ADBE3A953831}"
	ProjectSection(ProjectDependencies) = postProject
		{36475289-4984-37DF-A933-125B7D031312} = {36475289-4984-37DF-A933-125B7D031312}
		{F8802C4B-D56E-3956-B0A7-A6716A832124} = {F8802C4B-D56E-3956-B0A7-A6716A832124}
	EndProjectSection
EndProject
Global
	GlobalSection(SolutionConfigurationPlatforms) = preSolution
		Debug|x64 = Debug|x64
		Release|x64 = Release|x64
		MinSizeRel|x64 = MinSizeRel|x64
		RelWithDebInfo|x64 = RelWithDebInfo|x64
	EndGlobalSection
	GlobalSection(ProjectConfigurationPlatforms) = postSolution
		{C5290700-9FA8-397E-8602-131B695126A8}.Debug|x64.ActiveCfg = Debug|x64
		{C5290700-9FA8-397E-8602-131B695126A8}.Debug|x64.Build.0 = Debug|x64
		{C5290700-9FA8-397E-8602-131B695126A8}.Release|x64.ActiveCfg = Release|x64
		{C5290700-9FA8-397E-8602-131B695126A8}.Release|x64.Build.0 = Release|x64
		{C5290700-9FA8-397E-8602-131B695126A8}.MinSizeRel|x64.ActiveCfg = MinSizeRel|x64
		{C5290700-9FA8-397E-8602-131B695126A8}.MinSizeRel|x64.Build.0 = MinSizeRel|x64
		{C5290700-9FA8-397E-8602-131B695126A8}.RelWithDebInfo|x64.ActiveCfg = RelWithDebInfo|x64
		{C5290700-9FA8-397E-8602-131B695126A8}.RelWithDebInfo|x64.Build.0 = RelWithDebInfo|x64
		{2D82F59F-221E-374B-B7D1-12F76E23F2EB}.Debug|x64.ActiveCfg = Debug|x64
		{2D82F59F-221E-374B-B7D1-12F76E23F2EB}.Release|x64.ActiveCfg = Release|x64
		{2D82F59F-221E-374B-B7D1-12F76E23F2EB}.MinSizeRel|x64.ActiveCfg = MinSizeRel|x64
		{2D82F59F-221E-374B-B7D1-12F76E23F2EB}.RelWithDebInfo|x64.ActiveCfg = RelWithDebInfo|x64
		{36475289-4984-37DF-A933-125B7D031312}.Debug|x64.ActiveCfg = Debug|x64
		{36475289-4984-37DF-A933-125B7D031312}.Debug|x64.Build.0 = Debug|x64
		{36475289-4984-37DF-A933-125B7D031312}.Release|x64.ActiveCfg = Release|x64
		{36475289-4984-37DF-A933-125B7D031312}.Release|x64.Build.0 = Release|x64
		{36475289-4984-37DF-A933-125B7D031312}.MinSizeRel|x64.ActiveCfg = MinSizeRel|x64
		{36475289-4984-37DF-A933-125B7D031312}.MinSizeRel|x64.Build.0 = MinSizeRel|x64
		{36475289-4984-37DF-A933-125B7D031312}.RelWithDebInfo|x64.ActiveCfg = RelWithDebInfo|x64
		{36475289-4984-37DF-A933-125B7D031312}.RelWithDebInfo|x64.Build.0 = RelWithDebInfo|x64
		{3A17D3B1-31B7-3643-A879-DD98AF5F12E7}.Debug|x64.ActiveCfg = Debug|x64
		{3A17D3B1-31B7-3643-A879-DD98AF5F12E7}.Debug|x64.Build.0 = Debug|x64
		{3A17D3B1-31B7-3643-A879-DD98AF5F12E7}.Release|x64.ActiveCfg = Release|x64
		{3A17D3B1-31B7-3643-A879-DD98AF5F12E7}.Release|x64.Build.0 = Release|x64
		{3A17D3B1-31B7-3643-A879-DD98AF5F12E7}.MinSizeRel|x64.ActiveCfg = MinSizeRel|x64
		{3A17D3B1-31B7-3643-A879-DD98AF5F12E7}.MinSizeRel|x64.Build.0 = MinSizeRel|x64
		{3A17D3B1-31B7-3643-A879-DD98AF5F12E7}.RelWithDebInfo|x64.ActiveCfg = RelWithDebInfo|x64
		{3A17D3B1-31B7-3643-A879-DD98AF5F12E7}.RelWithDebInfo|x64.Build.0 = RelWithDebInfo|x64
		{F8802C4B-D56E-3956-B0A7-A6716A832124}.Debug|x64.ActiveCfg = Debug|x64
		{F8802C4B-D56E-3956-B0A7-A6716A832124}.Debug|x64.Build.0 = Debug|x64
		{F8802C4B-D56E-3956-B0A7-A6716A832124}.Release|x64.ActiveCfg = Release|x64
		{F8802C4B-D56E-3956-B0A7-A6716A832124}.Release|x64.Build.0 = Release|x64
		{F8802C4B-D56E-3956-B0A7-A6716A832124}.MinSizeRel|x64.ActiveCfg = MinSizeRel|x64
		{F8802C4B-D56E-3956-B0A7-A6716A832124}.MinSizeRel|x64.Build.0 = MinSizeRel|x64
		{F8802C4B-D56E-3956-B0A7-A6716A832124}.RelWithDebInfo|x64.ActiveCfg = RelWithDebInfo|x64
		{F8802C4B-D56E-3956-B0A7-A6716A832124}.RelWithDebInfo|x64.Build.0 = RelWithDebInfo|x64
		{16C159D2-5145-3611-AECF-6E1BF0CF73A7}.Debug|x64.ActiveCfg = Debug|x64
		{16C159D2-5145-3611-AECF-6E1BF0CF73A7}.Debug|x64.Build.0 = Debug|x64
		{16C159D2-5145-3611-AECF-6E1BF0CF73A7}.Release|x64.ActiveCfg = Release|x64
		{16C159D2-5145-3611-AECF-6E1BF0CF73A7}.Release|x64.Build.0 = Release|x64
		{16C159D2-5145-3611-AECF-6E1BF0CF73A7}.MinSizeRel|x64.ActiveCfg = MinSizeRel|x64
		{16C159D2-5145-3611-AECF-6E1BF0CF73A7}.MinSizeRel|x64.Build.0 = MinSizeRel|x64
		{16C159D2-5145-3611-AECF-6E1BF0CF73A7}.RelWithDebInfo|x64.ActiveCfg = RelWithDebInfo|x64
		{16C159D2-5145-3611-AECF-6E1BF0CF73A7}.RelWithDebInfo|x64.Build.0 = RelWithDebInfo|x64
		{C3E6D457-56E6-3EC1-9299-ADBE3A953831}.Debug|x64.ActiveCfg = Debug|x64
		{C3E6D457-56E6-3EC1-9299-ADBE3A953831}.Debug|x64.Build.0 = Debug|x64
		{C3E6D457-56E6-3EC1-9299-ADBE3A953831}.Release|x64.ActiveCfg = Release|x64
		{C3E6D457-56E6-3EC1-9299-ADBE3A953831}.Release|x64.Build.0 = Release|x64
		{C3E6D457-56E6-3EC1-9299-ADBE3A953831}.MinSizeRel|x64.ActiveCfg = MinSizeRel|x64
		{C3E6D457-56E6-3EC1-9299-ADBE3A953831}.MinSizeRel|x64.Build.0 = MinSizeRel|x64
		{C3E6D457-56E6-3EC1-9299-ADBE3A953831}.RelWithDebInfo|x64.ActiveCfg = RelWithDebInfo|x64
		{C3E6D457-56E6-3EC1-9299-ADBE3A953831}.RelWithDebInfo|x64.Build.0 = RelWithDebInfo|x64
	EndGlobalSection
	GlobalSection(NestedProjects) = preSolution
		{C5290700-9FA8-397E-8602-131B695126A8} = {17AF4653-C452-3CE2-BADA-975A826BFF40}
		{2D82F59F-221E-374B-B7D1-12F76E23F2EB} = {17AF4653-C452-3CE2-BADA-975A826BFF40}
		{36475289-4984-37DF-A933-125B7D031312} = {17AF4653-C452-3CE2-BADA-975A826BFF40}
	EndGlobalSection
	GlobalSection(ExtensibilityGlobals) = postSolution
		SolutionGuid = {7492E699-DB2C-39C5-A896-7C99F39DCB44}
	EndGlobalSection
	GlobalSection(ExtensibilityAddIns) = postSolution
	EndGlobalSection
EndGlobal
